
Microsoft Visual Studio Solution File, Format Version 12.00
# Visual Studio 15
VisualStudioVersion = 15.0.27130.2010
MinimumVisualStudioVersion = 10.0.40219.1
Project("{FAE04EC0-301F-11D3-BF4B-00C04F79EFBC}") = "CityGroundline", "CityGroundline\CityGroundline.csproj", "{D5E0C220-55E2-4C94-8BD5-8240E51DD84B}"
EndProject
Project("{FAE04EC0-301F-11D3-BF4B-00C04F79EFBC}") = "CitySimMono", "CitySimMono\CitySimMono.csproj", "{F689A797-C6FA-4173-9C57-6BADD2B7B1BE}"
EndProject
Project("{FAE04EC0-301F-11D3-BF4B-00C04F79EFBC}") = "DataTypes", "CitySimMono\Libs\DataTypes\DataTypes.csproj", "{2C87417A-07A7-440A-AFDA-D624CE4ACE05}"
EndProject
Project("{FAE04EC0-301F-11D3-BF4B-00C04F79EFBC}") = "GeonBit.UI", "..\..\..\..\..\..\Users\dimmat\Desktop\geogui\GeonBit.UI\GeonBit.UI\GeonBit.UI.csproj", "{DD284F36-FCD5-4265-AE4C-28B9A38B9DEF}"
EndProject
Global
	GlobalSection(SolutionConfigurationPlatforms) = preSolution
		Debug|Any CPU = Debug|Any CPU
		Debug|x86 = Debug|x86
		Release|Any CPU = Release|Any CPU
		Release|x86 = Release|x86
	EndGlobalSection
	GlobalSection(ProjectConfigurationPlatforms) = postSolution
		{D5E0C220-55E2-4C94-8BD5-8240E51DD84B}.Debug|Any CPU.ActiveCfg = Debug|Any CPU
		{D5E0C220-55E2-4C94-8BD5-8240E51DD84B}.Debug|Any CPU.Build.0 = Debug|Any CPU
		{D5E0C220-55E2-4C94-8BD5-8240E51DD84B}.Debug|x86.ActiveCfg = Debug|Any CPU
		{D5E0C220-55E2-4C94-8BD5-8240E51DD84B}.Debug|x86.Build.0 = Debug|Any CPU
		{D5E0C220-55E2-4C94-8BD5-8240E51DD84B}.Release|Any CPU.ActiveCfg = Release|Any CPU
		{D5E0C220-55E2-4C94-8BD5-8240E51DD84B}.Release|Any CPU.Build.0 = Release|Any CPU
		{D5E0C220-55E2-4C94-8BD5-8240E51DD84B}.Release|x86.ActiveCfg = Release|Any CPU
		{D5E0C220-55E2-4C94-8BD5-8240E51DD84B}.Release|x86.Build.0 = Release|Any CPU
		{F689A797-C6FA-4173-9C57-6BADD2B7B1BE}.Debug|Any CPU.ActiveCfg = Debug|x86
		{F689A797-C6FA-4173-9C57-6BADD2B7B1BE}.Debug|Any CPU.Build.0 = Debug|x86
		{F689A797-C6FA-4173-9C57-6BADD2B7B1BE}.Debug|x86.ActiveCfg = Debug|x86
		{F689A797-C6FA-4173-9C57-6BADD2B7B1BE}.Debug|x86.Build.0 = Debug|x86
		{F689A797-C6FA-4173-9C57-6BADD2B7B1BE}.Release|Any CPU.ActiveCfg = Release|x86
		{F689A797-C6FA-4173-9C57-6BADD2B7B1BE}.Release|x86.ActiveCfg = Release|x86
		{F689A797-C6FA-4173-9C57-6BADD2B7B1BE}.Release|x86.Build.0 = Release|x86
		{2C87417A-07A7-440A-AFDA-D624CE4ACE05}.Debug|Any CPU.ActiveCfg = Debug|Any CPU
		{2C87417A-07A7-440A-AFDA-D624CE4ACE05}.Debug|Any CPU.Build.0 = Debug|Any CPU
		{2C87417A-07A7-440A-AFDA-D624CE4ACE05}.Debug|x86.ActiveCfg = Debug|Any CPU
		{2C87417A-07A7-440A-AFDA-D624CE4ACE05}.Debug|x86.Build.0 = Debug|Any CPU
		{2C87417A-07A7-440A-AFDA-D624CE4ACE05}.Release|Any CPU.ActiveCfg = Release|Any CPU
		{2C87417A-07A7-440A-AFDA-D624CE4ACE05}.Release|Any CPU.Build.0 = Release|Any CPU
		{2C87417A-07A7-440A-AFDA-D624CE4ACE05}.Release|x86.ActiveCfg = Release|Any CPU
		{2C87417A-07A7-440A-AFDA-D624CE4ACE05}.Release|x86.Build.0 = Release|Any CPU
		{DD284F36-FCD5-4265-AE4C-28B9A38B9DEF}.Debug|Any CPU.ActiveCfg = Debug|Any CPU
		{DD284F36-FCD5-4265-AE4C-28B9A38B9DEF}.Debug|Any CPU.Build.0 = Debug|Any CPU
		{DD284F36-FCD5-4265-AE4C-28B9A38B9DEF}.Debug|x86.ActiveCfg = Debug|Any CPU
		{DD284F36-FCD5-4265-AE4C-28B9A38B9DEF}.Debug|x86.Build.0 = Debug|Any CPU
		{DD284F36-FCD5-4265-AE4C-28B9A38B9DEF}.Release|Any CPU.ActiveCfg = Release|Any CPU
		{DD284F36-FCD5-4265-AE4C-28B9A38B9DEF}.Release|Any CPU.Build.0 = Release|Any CPU
		{DD284F36-FCD5-4265-AE4C-28B9A38B9DEF}.Release|x86.ActiveCfg = Release|Any CPU
		{DD284F36-FCD5-4265-AE4C-28B9A38B9DEF}.Release|x86.Build.0 = Release|Any CPU
	EndGlobalSection
	GlobalSection(SolutionProperties) = preSolution
		HideSolutionNode = FALSE
	EndGlobalSection
	GlobalSection(ExtensibilityGlobals) = postSolution
		SolutionGuid = {ED01513F-120C-4908-995E-B7FAF06436F1}
	EndGlobalSection
EndGlobal
